
Microsoft Visual Studio Solution File, Format Version 12.00
# Visual Studio Version 17
VisualStudioVersion = 17.11.35327.3
MinimumVisualStudioVersion = 10.0.40219.1
Project("{9A19103F-16F7-4668-BE54-9A1E7A4F7556}") = "ConsoleApp1", "ConsoleApp1\ConsoleApp1.csproj", "{FB667372-595E-42D8-B67D-2AC297C2E314}"
EndProject
Project("{FAE04EC0-301F-11D3-BF4B-00C04F79EFBC}") = "ConsoleApp2", "ConsoleApp2\ConsoleApp2.csproj", "{4582E5C8-F174-4C81-8778-18BE54A42D2E}"
EndProject
Global
	GlobalSection(SolutionConfigurationPlatforms) = preSolution
		Debug|Any CPU = Debug|Any CPU
		Release|Any CPU = Release|Any CPU
	EndGlobalSection
	GlobalSection(ProjectConfigurationPlatforms) = postSolution
		{FB667372-595E-42D8-B67D-2AC297C2E314}.Debug|Any CPU.ActiveCfg = Debug|Any CPU
		{FB667372-595E-42D8-B67D-2AC297C2E314}.Debug|Any CPU.Build.0 = Debug|Any CPU
		{FB667372-595E-42D8-B67D-2AC297C2E314}.Release|Any CPU.ActiveCfg = Release|Any CPU
		{FB667372-595E-42D8-B67D-2AC297C2E314}.Release|Any CPU.Build.0 = Release|Any CPU
		{4582E5C8-F174-4C81-8778-18BE54A42D2E}.Debug|Any CPU.ActiveCfg = Debug|Any CPU
		{4582E5C8-F174-4C81-8778-18BE54A42D2E}.Debug|Any CPU.Build.0 = Debug|Any CPU
		{4582E5C8-F174-4C81-8778-18BE54A42D2E}.Release|Any CPU.ActiveCfg = Release|Any CPU
		{4582E5C8-F174-4C81-8778-18BE54A42D2E}.Release|Any CPU.Build.0 = Release|Any CPU
	EndGlobalSection
	GlobalSection(SolutionProperties) = preSolution
		HideSolutionNode = FALSE
	EndGlobalSection
	GlobalSection(ExtensibilityGlobals) = postSolution
		SolutionGuid = {B4F1BF95-CCF4-447C-ACAB-0FA431B4A642}
	EndGlobalSection
EndGlobal
