
Microsoft Visual Studio Solution File, Format Version 12.00
# Visual Studio Version 17
VisualStudioVersion = 17.11.35327.3
MinimumVisualStudioVersion = 10.0.40219.1
Project("{FAE04EC0-301F-11D3-BF4B-00C04F79EFBC}") = "DataTypes", "DataTypes\DataTypes.csproj", "{80E21392-7772-4587-9A61-4BB63AFE8B0F}"
EndProject
Global
	GlobalSection(SolutionConfigurationPlatforms) = preSolution
		Debug|Any CPU = Debug|Any CPU
		Release|Any CPU = Release|Any CPU
	EndGlobalSection
	GlobalSection(ProjectConfigurationPlatforms) = postSolution
		{80E21392-7772-4587-9A61-4BB63AFE8B0F}.Debug|Any CPU.ActiveCfg = Debug|Any CPU
		{80E21392-7772-4587-9A61-4BB63AFE8B0F}.Debug|Any CPU.Build.0 = Debug|Any CPU
		{80E21392-7772-4587-9A61-4BB63AFE8B0F}.Release|Any CPU.ActiveCfg = Release|Any CPU
		{80E21392-7772-4587-9A61-4BB63AFE8B0F}.Release|Any CPU.Build.0 = Release|Any CPU
	EndGlobalSection
	GlobalSection(SolutionProperties) = preSolution
		HideSolutionNode = FALSE
	EndGlobalSection
	GlobalSection(ExtensibilityGlobals) = postSolution
		SolutionGuid = {2B29E01B-3C12-4D7B-949C-CD1F78AA6CDC}
	EndGlobalSection
EndGlobal
