
Microsoft Visual Studio Solution File, Format Version 12.00
# Visual Studio Version 17
VisualStudioVersion = 17.11.35327.3
MinimumVisualStudioVersion = 10.0.40219.1
Project("{FAE04EC0-301F-11D3-BF4B-00C04F79EFBC}") = "Task06", "Task06\Task06.csproj", "{F8ABF277-F764-422D-A0B5-8221D3322B17}"
EndProject
Global
	GlobalSection(SolutionConfigurationPlatforms) = preSolution
		Debug|Any CPU = Debug|Any CPU
		Release|Any CPU = Release|Any CPU
	EndGlobalSection
	GlobalSection(ProjectConfigurationPlatforms) = postSolution
		{F8ABF277-F764-422D-A0B5-8221D3322B17}.Debug|Any CPU.ActiveCfg = Debug|Any CPU
		{F8ABF277-F764-422D-A0B5-8221D3322B17}.Debug|Any CPU.Build.0 = Debug|Any CPU
		{F8ABF277-F764-422D-A0B5-8221D3322B17}.Release|Any CPU.ActiveCfg = Release|Any CPU
		{F8ABF277-F764-422D-A0B5-8221D3322B17}.Release|Any CPU.Build.0 = Release|Any CPU
	EndGlobalSection
	GlobalSection(SolutionProperties) = preSolution
		HideSolutionNode = FALSE
	EndGlobalSection
	GlobalSection(ExtensibilityGlobals) = postSolution
		SolutionGuid = {29B1E002-6DA3-4DBD-BBF8-1DCDDCA725E9}
	EndGlobalSection
EndGlobal
